
Microsoft Visual Studio Solution File, Format Version 12.00
# Visual Studio 15
VisualStudioVersion = 15.0.28307.1082
MinimumVisualStudioVersion = 10.0.40219.1
Project("{FAE04EC0-301F-11D3-BF4B-00C04F79EFBC}") = "FlexisourceApplicationTest", "FlexisourceApplicationTest\FlexisourceApplicationTest.csproj", "{DB9110C5-E31E-4E4C-AACB-BB1F2FC0B49C}"
EndProject
Global
	GlobalSection(SolutionConfigurationPlatforms) = preSolution
		Debug|Any CPU = Debug|Any CPU
		Release|Any CPU = Release|Any CPU
	EndGlobalSection
	GlobalSection(ProjectConfigurationPlatforms) = postSolution
		{DB9110C5-E31E-4E4C-AACB-BB1F2FC0B49C}.Debug|Any CPU.ActiveCfg = Debug|Any CPU
		{DB9110C5-E31E-4E4C-AACB-BB1F2FC0B49C}.Debug|Any CPU.Build.0 = Debug|Any CPU
		{DB9110C5-E31E-4E4C-AACB-BB1F2FC0B49C}.Release|Any CPU.ActiveCfg = Release|Any CPU
		{DB9110C5-E31E-4E4C-AACB-BB1F2FC0B49C}.Release|Any CPU.Build.0 = Release|Any CPU
	EndGlobalSection
	GlobalSection(SolutionProperties) = preSolution
		HideSolutionNode = FALSE
	EndGlobalSection
	GlobalSection(ExtensibilityGlobals) = postSolution
		SolutionGuid = {36177E6E-53B6-4DFE-B240-02F274EBE0E2}
	EndGlobalSection
EndGlobal
